PODS:
  - Batcher (0.0.1)
  - ModelSupport (0.0.1):
    - STBImage
    - SwiftProtobuf (~> 1.0)
  - STBImage (0.0.1)
  - SwiftProtobuf (1.9.0)

DEPENDENCIES:
  - Batcher (from `../Batcher`)
  - ModelSupport (from `../ModelSupport`)
  - STBImage (from `../STBImage`)
  - SwiftProtobuf (~> 1.0)

SPEC REPOS:
  trunk:
    - SwiftProtobuf

EXTERNAL SOURCES:
  Batcher:
    :path: "../Batcher"
  ModelSupport:
    :path: "../ModelSupport"
  STBImage:
    :path: "../STBImage"

SPEC CHECKSUMS:
  Batcher: af76d2393a11b51b6f8237505eba7fcca1b56df1
  ModelSupport: e51c1bcb028da3375dbb6ec85d3ccd732aa3fbc2
  STBImage: 86e27c304b8e0fe8e6743c22fd3314364a5005b5
  SwiftProtobuf: ecbec1be9036d15655f6b3443a1c4ea693c97932

PODFILE CHECKSUM: 3ef17d0417c484d7de0e1d9238077ab676f377bc

COCOAPODS: 1.9.3
